
Microsoft Visual Studio Solution File, Format Version 12.00
# Visual Studio Version 16
VisualStudioVersion = 16.0.32002.261
MinimumVisualStudioVersion = 10.0.40219.1
Project("{FAE04EC0-301F-11D3-BF4B-00C04F79EFBC}") = "Style-based Video Editor GUI", "Style-based Video Editor GUI.csproj", "{18125E13-DBC5-4A96-A4F1-A5D1F64FD931}"
EndProject
Global
	GlobalSection(SolutionConfigurationPlatforms) = preSolution
		Debug|Any CPU = Debug|Any CPU
		Release|Any CPU = Release|Any CPU
	EndGlobalSection
	GlobalSection(ProjectConfigurationPlatforms) = postSolution
		{18125E13-DBC5-4A96-A4F1-A5D1F64FD931}.Debug|Any CPU.ActiveCfg = Debug|Any CPU
		{18125E13-DBC5-4A96-A4F1-A5D1F64FD931}.Debug|Any CPU.Build.0 = Debug|Any CPU
		{18125E13-DBC5-4A96-A4F1-A5D1F64FD931}.Release|Any CPU.ActiveCfg = Release|Any CPU
		{18125E13-DBC5-4A96-A4F1-A5D1F64FD931}.Release|Any CPU.Build.0 = Release|Any CPU
	EndGlobalSection
	GlobalSection(SolutionProperties) = preSolution
		HideSolutionNode = FALSE
	EndGlobalSection
	GlobalSection(ExtensibilityGlobals) = postSolution
		SolutionGuid = {8DACE875-1EBA-47E8-A71F-E27D3039E0DA}
	EndGlobalSection
EndGlobal
