
Microsoft Visual Studio Solution File, Format Version 12.00
# Visual Studio Version 16
VisualStudioVersion = 16.0.31729.503
MinimumVisualStudioVersion = 10.0.40219.1
Project("{FAE04EC0-301F-11D3-BF4B-00C04F79EFBC}") = "Style-based Video Editor GUI", "Style-based Video Editor GUI.csproj", "{E901A225-21BF-402D-B835-1299A0335909}"
EndProject
Global
	GlobalSection(SolutionConfigurationPlatforms) = preSolution
		Debug|Any CPU = Debug|Any CPU
		Debug|x64 = Debug|x64
		Release|Any CPU = Release|Any CPU
		Release|x64 = Release|x64
	EndGlobalSection
	GlobalSection(ProjectConfigurationPlatforms) = postSolution
		{E901A225-21BF-402D-B835-1299A0335909}.Debug|Any CPU.ActiveCfg = Debug|Any CPU
		{E901A225-21BF-402D-B835-1299A0335909}.Debug|Any CPU.Build.0 = Debug|Any CPU
		{E901A225-21BF-402D-B835-1299A0335909}.Debug|x64.ActiveCfg = Debug|x64
		{E901A225-21BF-402D-B835-1299A0335909}.Debug|x64.Build.0 = Debug|x64
		{E901A225-21BF-402D-B835-1299A0335909}.Release|Any CPU.ActiveCfg = Release|Any CPU
		{E901A225-21BF-402D-B835-1299A0335909}.Release|Any CPU.Build.0 = Release|Any CPU
		{E901A225-21BF-402D-B835-1299A0335909}.Release|x64.ActiveCfg = Release|x64
		{E901A225-21BF-402D-B835-1299A0335909}.Release|x64.Build.0 = Release|x64
	EndGlobalSection
	GlobalSection(SolutionProperties) = preSolution
		HideSolutionNode = FALSE
	EndGlobalSection
	GlobalSection(ExtensibilityGlobals) = postSolution
		SolutionGuid = {7190215E-2311-469A-A73C-AFA609A4950F}
	EndGlobalSection
EndGlobal
